
Microsoft Visual Studio Solution File, Format Version 12.00
# Visual Studio 2012
Project("{FAE04EC0-301F-11D3-BF4B-00C04F79EFBC}") = "FilesReadTask", "FilesReadTask\FilesReadTask.csproj", "{A2ED037A-5839-40BF-B4E2-0AEE12E92028}"
EndProject
Project("{FAE04EC0-301F-11D3-BF4B-00C04F79EFBC}") = "HtmlAnalyze", "HtmlAnalyze\HtmlAnalyze.csproj", "{20E4380D-B983-41BE-8F90-AADCD1167814}"
EndProject
Project("{FAE04EC0-301F-11D3-BF4B-00C04F79EFBC}") = "ExcelRead", "ExcelRead\ExcelRead.csproj", "{92405A29-391D-45AF-A822-DC16944004C4}"
EndProject
Project("{FAE04EC0-301F-11D3-BF4B-00C04F79EFBC}") = "MVCWebTest", "MVCWebTest\MVCWebTest.csproj", "{7283C0D1-F2E6-43F9-B4EB-3427F962AFB8}"
EndProject
Global
	GlobalSection(SolutionConfigurationPlatforms) = preSolution
		Debug|Any CPU = Debug|Any CPU
		Release|Any CPU = Release|Any CPU
	EndGlobalSection
	GlobalSection(ProjectConfigurationPlatforms) = postSolution
		{A2ED037A-5839-40BF-B4E2-0AEE12E92028}.Debug|Any CPU.ActiveCfg = Debug|Any CPU
		{A2ED037A-5839-40BF-B4E2-0AEE12E92028}.Debug|Any CPU.Build.0 = Debug|Any CPU
		{A2ED037A-5839-40BF-B4E2-0AEE12E92028}.Release|Any CPU.ActiveCfg = Release|Any CPU
		{A2ED037A-5839-40BF-B4E2-0AEE12E92028}.Release|Any CPU.Build.0 = Release|Any CPU
		{20E4380D-B983-41BE-8F90-AADCD1167814}.Debug|Any CPU.ActiveCfg = Debug|Any CPU
		{20E4380D-B983-41BE-8F90-AADCD1167814}.Debug|Any CPU.Build.0 = Debug|Any CPU
		{20E4380D-B983-41BE-8F90-AADCD1167814}.Release|Any CPU.ActiveCfg = Release|Any CPU
		{20E4380D-B983-41BE-8F90-AADCD1167814}.Release|Any CPU.Build.0 = Release|Any CPU
		{92405A29-391D-45AF-A822-DC16944004C4}.Debug|Any CPU.ActiveCfg = Debug|Any CPU
		{92405A29-391D-45AF-A822-DC16944004C4}.Debug|Any CPU.Build.0 = Debug|Any CPU
		{92405A29-391D-45AF-A822-DC16944004C4}.Release|Any CPU.ActiveCfg = Release|Any CPU
		{92405A29-391D-45AF-A822-DC16944004C4}.Release|Any CPU.Build.0 = Release|Any CPU
		{7283C0D1-F2E6-43F9-B4EB-3427F962AFB8}.Debug|Any CPU.ActiveCfg = Debug|Any CPU
		{7283C0D1-F2E6-43F9-B4EB-3427F962AFB8}.Debug|Any CPU.Build.0 = Debug|Any CPU
		{7283C0D1-F2E6-43F9-B4EB-3427F962AFB8}.Release|Any CPU.ActiveCfg = Release|Any CPU
		{7283C0D1-F2E6-43F9-B4EB-3427F962AFB8}.Release|Any CPU.Build.0 = Release|Any CPU
	EndGlobalSection
	GlobalSection(SolutionProperties) = preSolution
		HideSolutionNode = FALSE
	EndGlobalSection
EndGlobal
